
Microsoft Visual Studio Solution File, Format Version 12.00
# Visual Studio Version 17
VisualStudioVersion = 17.0.31423.177
MinimumVisualStudioVersion = 10.0.40219.1
Project("{9A19103F-16F7-4668-BE54-9A1E7A4F7556}") = "IR.Shared", "src\Shared\IR.Shared.csproj", "{B6855538-2D14-47E5-925A-CE78366D6B81}"
EndProject
Project("{2150E333-8FDC-42A3-9474-1A3956D46DE8}") = "SRC", "SRC", "{F087F871-ED54-4606-AA35-ED3AFDAF4DEE}"
EndProject
Project("{2150E333-8FDC-42A3-9474-1A3956D46DE8}") = "Tests", "Tests", "{DE9BAF2E-C329-4BFA-AD2A-00A534D6AE02}"
EndProject
Project("{9A19103F-16F7-4668-BE54-9A1E7A4F7556}") = "IR.Server", "src\Server\IR.Server\IR.Server.csproj", "{9DA22B97-92C2-438F-B366-4B62C50020B3}"
EndProject
Project("{FAE04EC0-301F-11D3-BF4B-00C04F79EFBC}") = "IR.Server.Unit.Tests", "src\Tests\IR.Server.Unit.Tests\IR.Server.Unit.Tests.csproj", "{54ADB284-CA29-42AC-8FDA-10CB0CDE1E67}"
EndProject
Global
	GlobalSection(SolutionConfigurationPlatforms) = preSolution
		Debug|Any CPU = Debug|Any CPU
		Release|Any CPU = Release|Any CPU
	EndGlobalSection
	GlobalSection(ProjectConfigurationPlatforms) = postSolution
		{B6855538-2D14-47E5-925A-CE78366D6B81}.Debug|Any CPU.ActiveCfg = Debug|Any CPU
		{B6855538-2D14-47E5-925A-CE78366D6B81}.Debug|Any CPU.Build.0 = Debug|Any CPU
		{B6855538-2D14-47E5-925A-CE78366D6B81}.Release|Any CPU.ActiveCfg = Release|Any CPU
		{B6855538-2D14-47E5-925A-CE78366D6B81}.Release|Any CPU.Build.0 = Release|Any CPU
		{9DA22B97-92C2-438F-B366-4B62C50020B3}.Debug|Any CPU.ActiveCfg = Debug|Any CPU
		{9DA22B97-92C2-438F-B366-4B62C50020B3}.Debug|Any CPU.Build.0 = Debug|Any CPU
		{9DA22B97-92C2-438F-B366-4B62C50020B3}.Release|Any CPU.ActiveCfg = Release|Any CPU
		{9DA22B97-92C2-438F-B366-4B62C50020B3}.Release|Any CPU.Build.0 = Release|Any CPU
		{54ADB284-CA29-42AC-8FDA-10CB0CDE1E67}.Debug|Any CPU.ActiveCfg = Debug|Any CPU
		{54ADB284-CA29-42AC-8FDA-10CB0CDE1E67}.Debug|Any CPU.Build.0 = Debug|Any CPU
		{54ADB284-CA29-42AC-8FDA-10CB0CDE1E67}.Release|Any CPU.ActiveCfg = Release|Any CPU
		{54ADB284-CA29-42AC-8FDA-10CB0CDE1E67}.Release|Any CPU.Build.0 = Release|Any CPU
	EndGlobalSection
	GlobalSection(SolutionProperties) = preSolution
		HideSolutionNode = FALSE
	EndGlobalSection
	GlobalSection(NestedProjects) = preSolution
		{B6855538-2D14-47E5-925A-CE78366D6B81} = {F087F871-ED54-4606-AA35-ED3AFDAF4DEE}
		{DE9BAF2E-C329-4BFA-AD2A-00A534D6AE02} = {F087F871-ED54-4606-AA35-ED3AFDAF4DEE}
		{9DA22B97-92C2-438F-B366-4B62C50020B3} = {F087F871-ED54-4606-AA35-ED3AFDAF4DEE}
	EndGlobalSection
	GlobalSection(ExtensibilityGlobals) = postSolution
		SolutionGuid = {B857EF2E-2774-4096-9028-C00791C7795E}
	EndGlobalSection
EndGlobal
